
Microsoft Visual Studio Solution File, Format Version 12.00
# Blend for Visual Studio Version 16
VisualStudioVersion = 16.0.31829.152
MinimumVisualStudioVersion = 10.0.40219.1
Project("{FAE04EC0-301F-11D3-BF4B-00C04F79EFBC}") = "WpfLab11", "WpfLab11\WpfLab11.csproj", "{9EAE1B1A-A0E1-4F23-97C5-C2FBE473C465}"
EndProject
Project("{FAE04EC0-301F-11D3-BF4B-00C04F79EFBC}") = "WpfLab11_2", "WpfLab11_2\WpfLab11_2.csproj", "{E667D1A9-296A-49A4-BEE1-51ADD22D451F}"
EndProject
Global
	GlobalSection(SolutionConfigurationPlatforms) = preSolution
		Debug|Any CPU = Debug|Any CPU
		Release|Any CPU = Release|Any CPU
	EndGlobalSection
	GlobalSection(ProjectConfigurationPlatforms) = postSolution
		{9EAE1B1A-A0E1-4F23-97C5-C2FBE473C465}.Debug|Any CPU.ActiveCfg = Debug|Any CPU
		{9EAE1B1A-A0E1-4F23-97C5-C2FBE473C465}.Debug|Any CPU.Build.0 = Debug|Any CPU
		{9EAE1B1A-A0E1-4F23-97C5-C2FBE473C465}.Release|Any CPU.ActiveCfg = Release|Any CPU
		{9EAE1B1A-A0E1-4F23-97C5-C2FBE473C465}.Release|Any CPU.Build.0 = Release|Any CPU
		{E667D1A9-296A-49A4-BEE1-51ADD22D451F}.Debug|Any CPU.ActiveCfg = Debug|Any CPU
		{E667D1A9-296A-49A4-BEE1-51ADD22D451F}.Debug|Any CPU.Build.0 = Debug|Any CPU
		{E667D1A9-296A-49A4-BEE1-51ADD22D451F}.Release|Any CPU.ActiveCfg = Release|Any CPU
		{E667D1A9-296A-49A4-BEE1-51ADD22D451F}.Release|Any CPU.Build.0 = Release|Any CPU
	EndGlobalSection
	GlobalSection(SolutionProperties) = preSolution
		HideSolutionNode = FALSE
	EndGlobalSection
	GlobalSection(ExtensibilityGlobals) = postSolution
		SolutionGuid = {6F483E45-2C87-409D-89D8-90120C054513}
	EndGlobalSection
EndGlobal
